
Microsoft Visual Studio Solution File, Format Version 12.00
# Visual Studio Version 16
VisualStudioVersion = 16.0.31025.194
MinimumVisualStudioVersion = 10.0.40219.1
Project("{9A19103F-16F7-4668-BE54-9A1E7A4F7556}") = "Project", "GUI\Project.csproj", "{BF30447C-6FE2-4384-995A-8B78441C09E7}"
EndProject
Global
	GlobalSection(SolutionConfigurationPlatforms) = preSolution
		Debug|Any CPU = Debug|Any CPU
		Release|Any CPU = Release|Any CPU
	EndGlobalSection
	GlobalSection(ProjectConfigurationPlatforms) = postSolution
		{BF30447C-6FE2-4384-995A-8B78441C09E7}.Debug|Any CPU.ActiveCfg = Debug|Any CPU
		{BF30447C-6FE2-4384-995A-8B78441C09E7}.Debug|Any CPU.Build.0 = Debug|Any CPU
		{BF30447C-6FE2-4384-995A-8B78441C09E7}.Release|Any CPU.ActiveCfg = Release|Any CPU
		{BF30447C-6FE2-4384-995A-8B78441C09E7}.Release|Any CPU.Build.0 = Release|Any CPU
	EndGlobalSection
	GlobalSection(SolutionProperties) = preSolution
		HideSolutionNode = FALSE
	EndGlobalSection
	GlobalSection(ExtensibilityGlobals) = postSolution
		SolutionGuid = {77A1F493-22CF-49EC-A9AD-F4AF495F9C03}
	EndGlobalSection
EndGlobal
